{
  "name": "vividpdf",
  "version": "1.0.0",
  "lockfileVersion": 3,
  "requires": true,
  "packages": {
    "": {
      "name": "vividpdf",
      "version": "1.0.0",
      "license": "ISC",
      "dependencies": {
        "vocalize.ts": "^1.2.2"
      }
    },
    "node_modules/vocalize.ts": {
      "version": "1.2.2",
      "resolved": "https://registry.npmjs.org/vocalize.ts/-/vocalize.ts-1.2.2.tgz",
      "integrity": "sha512-YfP44b10tynWYgaSgHS2luSTQVrTs+KOxF/tAxFoadt4NafyxjH1H72Eu+e5rfMgY7zjTsmV0/cfIf5KtQ6x4w==",
      "license": "MIT"
    }
  }
}
